
Microsoft Visual Studio Solution File, Format Version 12.00
Project("{FAE04EC0-301F-11D3-BF4B-00C04F79EFBC}") = "AvaloniaApplication1", "AvaloniaApplication1\AvaloniaApplication1.csproj", "{CA7813F5-4454-46E1-87FE-9ABA8669661B}"
EndProject
Global
	GlobalSection(SolutionConfigurationPlatforms) = preSolution
		Debug|Any CPU = Debug|Any CPU
		Release|Any CPU = Release|Any CPU
	EndGlobalSection
	GlobalSection(ProjectConfigurationPlatforms) = postSolution
		{CA7813F5-4454-46E1-87FE-9ABA8669661B}.Debug|Any CPU.ActiveCfg = Debug|Any CPU
		{CA7813F5-4454-46E1-87FE-9ABA8669661B}.Debug|Any CPU.Build.0 = Debug|Any CPU
		{CA7813F5-4454-46E1-87FE-9ABA8669661B}.Release|Any CPU.ActiveCfg = Release|Any CPU
		{CA7813F5-4454-46E1-87FE-9ABA8669661B}.Release|Any CPU.Build.0 = Release|Any CPU
	EndGlobalSection
EndGlobal
